{
  "R": {
    "Version": "4.2.2",
    "Repositories": [
      {
        "Name": "BioCsoft",
        "URL": "https://bioconductor.org/packages/3.16/bioc"
      },
      {
        "Name": "BioCann",
        "URL": "https://bioconductor.org/packages/3.16/data/annotation"
      },
      {
        "Name": "BioCexp",
        "URL": "https://bioconductor.org/packages/3.16/data/experiment"
      },
      {
        "Name": "BioCworkflows",
        "URL": "https://bioconductor.org/packages/3.16/workflows"
      },
      {
        "Name": "BioCbooks",
        "URL": "https://bioconductor.org/packages/3.16/books"
      },
      {
        "Name": "CRAN",
        "URL": "https://cran.ma.imperial.ac.uk"
      }
    ]
  },
  "Bioconductor": {
    "Version": "3.16"
  },
  "Packages": {
    "renv": {
      "Package": "renv",
      "Version": "1.0.11",
      "Source": "Repository",
      "Repository": "CRAN",
      "Requirements": [
        "utils"
      ],
      "Hash": "47623f66b4e80b3b0587bc5d7b309888"
    }
  }
}
